PODS:
  - AFDownloadRequestOperation (2.0.1):
    - AFNetworking (~> 2.0)
  - AFNetworking (2.5.4):
    - AFNetworking/NSURLConnection (= 2.5.4)
    - AFNetworking/NSURLSession (= 2.5.4)
    - AFNetworking/Reachability (= 2.5.4)
    - AFNetworking/Security (= 2.5.4)
    - AFNetworking/Serialization (= 2.5.4)
    - AFNetworking/UIKit (= 2.5.4)
  - AFNetworking/NSURLConnection (2.5.4):
    - AFNetworking/Reachability
    - AFNetworking/Security
    - AFNetworking/Serialization
  - AFNetworking/NSURLSession (2.5.4):
    - AFNetworking/Reachability
    - AFNetworking/Security
    - AFNetworking/Serialization
  - AFNetworking/Reachability (2.5.4)
  - AFNetworking/Security (2.5.4)
  - AFNetworking/Serialization (2.5.4)
  - AFNetworking/UIKit (2.5.4):
    - AFNetworking/NSURLConnection
    - AFNetworking/NSURLSession
  - AGEmojiKeyboard (0.2.0)
  - EaseMobSDK (2.1.8)
  - EDColor (1.0.0)
  - FMDB (2.5):
    - FMDB/standard (= 2.5)
  - FMDB/common (2.5)
  - FMDB/standard (2.5):
    - FMDB/common
  - GVUserDefaults (1.0.1)
  - IQKeyboardManager (3.2.2)
  - JSONModel (1.1.0)
  - JSQMessagesViewController (7.1.0):
    - JSQSystemSoundPlayer (~> 2.0.1)
  - JSQSystemSoundPlayer (2.0.1)
  - KYCuteView (1.3.0)
  - Masonry (0.6.2)
  - MJRefresh (1.4.7)
  - QBImagePickerController (2.5.0)
  - SDWebImage (3.7.2):
    - SDWebImage/Core (= 3.7.2)
  - SDWebImage/Core (3.7.2)
  - SVProgressHUD (1.1.3)
  - UIActivityIndicator-for-SDWebImage (1.2):
    - SDWebImage (~> 3.7)
  - UIImage-Helpers (0.0.3)
  - UMengAnalytics-NO-IDFA (3.5.9)
  - XXNibBridge (2.1)
  - YTKNetwork (0.5.0):
    - AFDownloadRequestOperation (~> 2.0)
    - AFNetworking (~> 2.0)

DEPENDENCIES:
  - AFNetworking
  - AGEmojiKeyboard (= 0.2.0)
  - EaseMobSDK
  - EDColor
  - FMDB
  - GVUserDefaults
  - IQKeyboardManager (= 3.2.2)
  - JSONModel
  - JSQMessagesViewController (= 7.1.0)
  - KYCuteView (= 1.3.0)
  - Masonry
  - MJRefresh (= 1.4.7)
  - QBImagePickerController (= 2.5.0)
  - SVProgressHUD
  - UIActivityIndicator-for-SDWebImage
  - UIImage-Helpers
  - UMengAnalytics-NO-IDFA
  - XXNibBridge (~> 2.1)
  - YTKNetwork

SPEC CHECKSUMS:
  AFDownloadRequestOperation: 748a1643423e1ddb23f2178f778087d4f0ae8ac7
  AFNetworking: 05edc0ac4c4c8cf57bcf4b84be5b0744b6d8e71e
  AGEmojiKeyboard: 8b0ad1a1a3c473c9d5464cf661a7bdddda59feed
  EaseMobSDK: 639251847fa6de8cd752a6d4ca841e1753903683
  EDColor: c83f9a61f9f9b3c23d541f1feb561558e29cb088
  FMDB: 96e8f1bcc1329e269330f99770ad4285d9003e52
  GVUserDefaults: acb40729f70984008d0650e49d7e422f1bbfa597
  IQKeyboardManager: 99df8006864663a4126a77b9a2f7ea70077eff31
  JSONModel: ec77e9865236a7a09d9cf7668df6b4b328d9ec1d
  JSQMessagesViewController: ca11f86fa68ca70835f05e169df9244147c1dc40
  JSQSystemSoundPlayer: c5850e77a4363ffd374cd851154b9af93264ed8d
  KYCuteView: ad61c0ef95a2595e6bade134189d5a4dbe3ed3f2
  Masonry: 362e8a1cc0beada4a4c4832d5e863da2a51533be
  MJRefresh: 6b140993028fa30f1fcb88e82925a7c7911415cf
  QBImagePickerController: dc7598c883cd4061f33e522ff431815bb6582c93
  SDWebImage: 71b7cdc1d1721d6a82ed62889030225f2c249e29
  SVProgressHUD: 748080e4f36e603f6c02aec292664239df5279c1
  UIActivityIndicator-for-SDWebImage: 7bf7ebbf0ed1747dedc0d6e949c4603a6d0f9e0c
  UIImage-Helpers: 06b04a42bdd222844035602e87e936765c80f620
  UMengAnalytics-NO-IDFA: c5302a2246061c356641bb3056e89dfbdeb37424
  XXNibBridge: 04ce6b4f8a2e33857396f1c369581436c390cb7d
  YTKNetwork: 3f163c181ce5f03d52cf88f39d6757f46894280c

COCOAPODS: 0.36.3
